
Microsoft Visual Studio Solution File, Format Version 12.00
# Visual Studio 15
VisualStudioVersion = 15.0.26430.16
MinimumVisualStudioVersion = 10.0.40219.1
Project("{FAE04EC0-301F-11D3-BF4B-00C04F79EFBC}") = "WindowsFormsApplication25_kendiörnek", "WindowsFormsApplication25_kendiörnek\WindowsFormsApplication25_kendiörnek.csproj", "{B4208040-5D56-4049-B2E3-D7D9C2A57765}"
EndProject
Global
	GlobalSection(SolutionConfigurationPlatforms) = preSolution
		Debug|Any CPU = Debug|Any CPU
		Release|Any CPU = Release|Any CPU
	EndGlobalSection
	GlobalSection(ProjectConfigurationPlatforms) = postSolution
		{B4208040-5D56-4049-B2E3-D7D9C2A57765}.Debug|Any CPU.ActiveCfg = Debug|Any CPU
		{B4208040-5D56-4049-B2E3-D7D9C2A57765}.Debug|Any CPU.Build.0 = Debug|Any CPU
		{B4208040-5D56-4049-B2E3-D7D9C2A57765}.Release|Any CPU.ActiveCfg = Release|Any CPU
		{B4208040-5D56-4049-B2E3-D7D9C2A57765}.Release|Any CPU.Build.0 = Release|Any CPU
	EndGlobalSection
	GlobalSection(SolutionProperties) = preSolution
		HideSolutionNode = FALSE
	EndGlobalSection
EndGlobal
