
Microsoft Visual Studio Solution File, Format Version 12.00
# Visual Studio 15
VisualStudioVersion = 15.0.27703.2035
MinimumVisualStudioVersion = 10.0.40219.1
Project("{FAE04EC0-301F-11D3-BF4B-00C04F79EFBC}") = "10-)Interface Yapısı", "10-)Interface Yapısı\10-)Interface Yapısı.csproj", "{F7A1FC99-4E1E-4E94-8A86-C1C727EEE1DC}"
EndProject
Global
	GlobalSection(SolutionConfigurationPlatforms) = preSolution
		Debug|Any CPU = Debug|Any CPU
		Release|Any CPU = Release|Any CPU
	EndGlobalSection
	GlobalSection(ProjectConfigurationPlatforms) = postSolution
		{F7A1FC99-4E1E-4E94-8A86-C1C727EEE1DC}.Debug|Any CPU.ActiveCfg = Debug|Any CPU
		{F7A1FC99-4E1E-4E94-8A86-C1C727EEE1DC}.Debug|Any CPU.Build.0 = Debug|Any CPU
		{F7A1FC99-4E1E-4E94-8A86-C1C727EEE1DC}.Release|Any CPU.ActiveCfg = Release|Any CPU
		{F7A1FC99-4E1E-4E94-8A86-C1C727EEE1DC}.Release|Any CPU.Build.0 = Release|Any CPU
	EndGlobalSection
	GlobalSection(SolutionProperties) = preSolution
		HideSolutionNode = FALSE
	EndGlobalSection
	GlobalSection(ExtensibilityGlobals) = postSolution
		SolutionGuid = {355C9578-D992-48AC-BD66-54D8D6B99D5F}
	EndGlobalSection
EndGlobal
