
Microsoft Visual Studio Solution File, Format Version 12.00
# Visual Studio 15
VisualStudioVersion = 15.0.27703.2035
MinimumVisualStudioVersion = 10.0.40219.1
Project("{FAE04EC0-301F-11D3-BF4B-00C04F79EFBC}") = "7-)Enumeration Yapısı", "7-)Enumeration Yapısı\7-)Enumeration Yapısı.csproj", "{0C41DED6-0E8F-432E-AF9A-5DB963741AF1}"
EndProject
Global
	GlobalSection(SolutionConfigurationPlatforms) = preSolution
		Debug|Any CPU = Debug|Any CPU
		Release|Any CPU = Release|Any CPU
	EndGlobalSection
	GlobalSection(ProjectConfigurationPlatforms) = postSolution
		{0C41DED6-0E8F-432E-AF9A-5DB963741AF1}.Debug|Any CPU.ActiveCfg = Debug|Any CPU
		{0C41DED6-0E8F-432E-AF9A-5DB963741AF1}.Debug|Any CPU.Build.0 = Debug|Any CPU
		{0C41DED6-0E8F-432E-AF9A-5DB963741AF1}.Release|Any CPU.ActiveCfg = Release|Any CPU
		{0C41DED6-0E8F-432E-AF9A-5DB963741AF1}.Release|Any CPU.Build.0 = Release|Any CPU
	EndGlobalSection
	GlobalSection(SolutionProperties) = preSolution
		HideSolutionNode = FALSE
	EndGlobalSection
	GlobalSection(ExtensibilityGlobals) = postSolution
		SolutionGuid = {14559BE4-BB1D-41E0-8A3F-BEC0F594CA96}
	EndGlobalSection
EndGlobal
