
Microsoft Visual Studio Solution File, Format Version 12.00
# Visual Studio Version 16
VisualStudioVersion = 16.0.31410.357
MinimumVisualStudioVersion = 10.0.40219.1
Project("{FAE04EC0-301F-11D3-BF4B-00C04F79EFBC}") = "Ders[9]", "Ders[9].csproj", "{E3BA3D74-5306-4DC3-A88D-7785D44C02F7}"
EndProject
Global
	GlobalSection(SolutionConfigurationPlatforms) = preSolution
		Debug|Any CPU = Debug|Any CPU
		Release|Any CPU = Release|Any CPU
	EndGlobalSection
	GlobalSection(ProjectConfigurationPlatforms) = postSolution
		{E3BA3D74-5306-4DC3-A88D-7785D44C02F7}.Debug|Any CPU.ActiveCfg = Debug|Any CPU
		{E3BA3D74-5306-4DC3-A88D-7785D44C02F7}.Debug|Any CPU.Build.0 = Debug|Any CPU
		{E3BA3D74-5306-4DC3-A88D-7785D44C02F7}.Release|Any CPU.ActiveCfg = Release|Any CPU
		{E3BA3D74-5306-4DC3-A88D-7785D44C02F7}.Release|Any CPU.Build.0 = Release|Any CPU
	EndGlobalSection
	GlobalSection(SolutionProperties) = preSolution
		HideSolutionNode = FALSE
	EndGlobalSection
	GlobalSection(ExtensibilityGlobals) = postSolution
		SolutionGuid = {3CCF1B97-F516-4B4E-B94E-4C5741CBDA79}
	EndGlobalSection
EndGlobal
