
Microsoft Visual Studio Solution File, Format Version 12.00
# Visual Studio 15
VisualStudioVersion = 15.0.27703.2035
MinimumVisualStudioVersion = 10.0.40219.1
Project("{FAE04EC0-301F-11D3-BF4B-00C04F79EFBC}") = "8-)Listeleyiciler A-Listbox", "8-)Listeleyiciler A-Listbox\8-)Listeleyiciler A-Listbox.csproj", "{3F7A7087-509E-489D-BC7A-A4FD8A8E52D7}"
EndProject
Global
	GlobalSection(SolutionConfigurationPlatforms) = preSolution
		Debug|Any CPU = Debug|Any CPU
		Release|Any CPU = Release|Any CPU
	EndGlobalSection
	GlobalSection(ProjectConfigurationPlatforms) = postSolution
		{3F7A7087-509E-489D-BC7A-A4FD8A8E52D7}.Debug|Any CPU.ActiveCfg = Debug|Any CPU
		{3F7A7087-509E-489D-BC7A-A4FD8A8E52D7}.Debug|Any CPU.Build.0 = Debug|Any CPU
		{3F7A7087-509E-489D-BC7A-A4FD8A8E52D7}.Release|Any CPU.ActiveCfg = Release|Any CPU
		{3F7A7087-509E-489D-BC7A-A4FD8A8E52D7}.Release|Any CPU.Build.0 = Release|Any CPU
	EndGlobalSection
	GlobalSection(SolutionProperties) = preSolution
		HideSolutionNode = FALSE
	EndGlobalSection
	GlobalSection(ExtensibilityGlobals) = postSolution
		SolutionGuid = {916F3D28-187E-4001-A234-D5348B9077B6}
	EndGlobalSection
EndGlobal
