
Microsoft Visual Studio Solution File, Format Version 12.00
# Visual Studio 15
VisualStudioVersion = 15.0.27703.2035
MinimumVisualStudioVersion = 10.0.40219.1
Project("{FAE04EC0-301F-11D3-BF4B-00C04F79EFBC}") = "5-)Polymorphism (Çok Biçimlilik),", "5-)Polymorphism (Çok Biçimlilik),\5-)Polymorphism (Çok Biçimlilik),.csproj", "{B4BCF4D6-3CC8-422E-B277-37706B0C9AA6}"
EndProject
Global
	GlobalSection(SolutionConfigurationPlatforms) = preSolution
		Debug|Any CPU = Debug|Any CPU
		Release|Any CPU = Release|Any CPU
	EndGlobalSection
	GlobalSection(ProjectConfigurationPlatforms) = postSolution
		{B4BCF4D6-3CC8-422E-B277-37706B0C9AA6}.Debug|Any CPU.ActiveCfg = Debug|Any CPU
		{B4BCF4D6-3CC8-422E-B277-37706B0C9AA6}.Debug|Any CPU.Build.0 = Debug|Any CPU
		{B4BCF4D6-3CC8-422E-B277-37706B0C9AA6}.Release|Any CPU.ActiveCfg = Release|Any CPU
		{B4BCF4D6-3CC8-422E-B277-37706B0C9AA6}.Release|Any CPU.Build.0 = Release|Any CPU
	EndGlobalSection
	GlobalSection(SolutionProperties) = preSolution
		HideSolutionNode = FALSE
	EndGlobalSection
	GlobalSection(ExtensibilityGlobals) = postSolution
		SolutionGuid = {E130E10F-8678-4439-9229-A911945ED927}
	EndGlobalSection
EndGlobal
