
Microsoft Visual Studio Solution File, Format Version 12.00
# Visual Studio 15
VisualStudioVersion = 15.0.27703.2035
MinimumVisualStudioVersion = 10.0.40219.1
Project("{FAE04EC0-301F-11D3-BF4B-00C04F79EFBC}") = "4-)Karar Yapilari", "4-)Karar Yapilari\4-)Karar Yapilari.csproj", "{9FBEA0E3-0402-4D80-B8D4-1D6C0B5F0BE7}"
EndProject
Global
	GlobalSection(SolutionConfigurationPlatforms) = preSolution
		Debug|Any CPU = Debug|Any CPU
		Release|Any CPU = Release|Any CPU
	EndGlobalSection
	GlobalSection(ProjectConfigurationPlatforms) = postSolution
		{9FBEA0E3-0402-4D80-B8D4-1D6C0B5F0BE7}.Debug|Any CPU.ActiveCfg = Debug|Any CPU
		{9FBEA0E3-0402-4D80-B8D4-1D6C0B5F0BE7}.Debug|Any CPU.Build.0 = Debug|Any CPU
		{9FBEA0E3-0402-4D80-B8D4-1D6C0B5F0BE7}.Release|Any CPU.ActiveCfg = Release|Any CPU
		{9FBEA0E3-0402-4D80-B8D4-1D6C0B5F0BE7}.Release|Any CPU.Build.0 = Release|Any CPU
	EndGlobalSection
	GlobalSection(SolutionProperties) = preSolution
		HideSolutionNode = FALSE
	EndGlobalSection
	GlobalSection(ExtensibilityGlobals) = postSolution
		SolutionGuid = {9D6C5BD1-9A77-4B4F-85E2-E51A3305E538}
	EndGlobalSection
EndGlobal
