
Microsoft Visual Studio Solution File, Format Version 12.00
# Visual Studio 15
VisualStudioVersion = 15.0.27703.2035
MinimumVisualStudioVersion = 10.0.40219.1
Project("{FAE04EC0-301F-11D3-BF4B-00C04F79EFBC}") = "11-)Generic Mimari", "11-)Generic Mimari\11-)Generic Mimari.csproj", "{C26A074B-EB01-43DE-8C59-17DE11222198}"
EndProject
Global
	GlobalSection(SolutionConfigurationPlatforms) = preSolution
		Debug|Any CPU = Debug|Any CPU
		Release|Any CPU = Release|Any CPU
	EndGlobalSection
	GlobalSection(ProjectConfigurationPlatforms) = postSolution
		{C26A074B-EB01-43DE-8C59-17DE11222198}.Debug|Any CPU.ActiveCfg = Debug|Any CPU
		{C26A074B-EB01-43DE-8C59-17DE11222198}.Debug|Any CPU.Build.0 = Debug|Any CPU
		{C26A074B-EB01-43DE-8C59-17DE11222198}.Release|Any CPU.ActiveCfg = Release|Any CPU
		{C26A074B-EB01-43DE-8C59-17DE11222198}.Release|Any CPU.Build.0 = Release|Any CPU
	EndGlobalSection
	GlobalSection(SolutionProperties) = preSolution
		HideSolutionNode = FALSE
	EndGlobalSection
	GlobalSection(ExtensibilityGlobals) = postSolution
		SolutionGuid = {CDBA87B0-0631-46E7-9E89-F437F04D9957}
	EndGlobalSection
EndGlobal
