
Microsoft Visual Studio Solution File, Format Version 12.00
# Visual Studio Version 16
VisualStudioVersion = 16.0.30907.101
MinimumVisualStudioVersion = 10.0.40219.1
Project("{FAE04EC0-301F-11D3-BF4B-00C04F79EFBC}") = "Ders[1]", "Ders[1].csproj", "{91E61F13-B556-426E-8967-B269C21E126A}"
EndProject
Global
	GlobalSection(SolutionConfigurationPlatforms) = preSolution
		Debug|Any CPU = Debug|Any CPU
		Release|Any CPU = Release|Any CPU
	EndGlobalSection
	GlobalSection(ProjectConfigurationPlatforms) = postSolution
		{91E61F13-B556-426E-8967-B269C21E126A}.Debug|Any CPU.ActiveCfg = Debug|Any CPU
		{91E61F13-B556-426E-8967-B269C21E126A}.Debug|Any CPU.Build.0 = Debug|Any CPU
		{91E61F13-B556-426E-8967-B269C21E126A}.Release|Any CPU.ActiveCfg = Release|Any CPU
		{91E61F13-B556-426E-8967-B269C21E126A}.Release|Any CPU.Build.0 = Release|Any CPU
	EndGlobalSection
	GlobalSection(SolutionProperties) = preSolution
		HideSolutionNode = FALSE
	EndGlobalSection
	GlobalSection(ExtensibilityGlobals) = postSolution
		SolutionGuid = {FE89D490-4876-4EA2-A41D-C03DAB9E589A}
	EndGlobalSection
EndGlobal
