
Microsoft Visual Studio Solution File, Format Version 12.00
# Visual Studio Version 16
VisualStudioVersion = 16.0.31105.61
MinimumVisualStudioVersion = 10.0.40219.1
Project("{FAE04EC0-301F-11D3-BF4B-00C04F79EFBC}") = "Ders[3]", "Ders[3].csproj", "{455B7F79-B0C0-4DF4-B894-B614ABFAC10C}"
EndProject
Global
	GlobalSection(SolutionConfigurationPlatforms) = preSolution
		Debug|Any CPU = Debug|Any CPU
		Release|Any CPU = Release|Any CPU
	EndGlobalSection
	GlobalSection(ProjectConfigurationPlatforms) = postSolution
		{455B7F79-B0C0-4DF4-B894-B614ABFAC10C}.Debug|Any CPU.ActiveCfg = Debug|Any CPU
		{455B7F79-B0C0-4DF4-B894-B614ABFAC10C}.Debug|Any CPU.Build.0 = Debug|Any CPU
		{455B7F79-B0C0-4DF4-B894-B614ABFAC10C}.Release|Any CPU.ActiveCfg = Release|Any CPU
		{455B7F79-B0C0-4DF4-B894-B614ABFAC10C}.Release|Any CPU.Build.0 = Release|Any CPU
	EndGlobalSection
	GlobalSection(SolutionProperties) = preSolution
		HideSolutionNode = FALSE
	EndGlobalSection
	GlobalSection(ExtensibilityGlobals) = postSolution
		SolutionGuid = {CD29EEEA-9BC9-484D-802D-5CCEFA467044}
	EndGlobalSection
EndGlobal
