
Microsoft Visual Studio Solution File, Format Version 12.00
# Visual Studio Version 16
VisualStudioVersion = 16.0.30907.101
MinimumVisualStudioVersion = 10.0.40219.1
Project("{FAE04EC0-301F-11D3-BF4B-00C04F79EFBC}") = "Ders[2]", "Ders[2].csproj", "{8BCD22EA-4E28-41EF-B415-B57E7607812D}"
EndProject
Global
	GlobalSection(SolutionConfigurationPlatforms) = preSolution
		Debug|Any CPU = Debug|Any CPU
		Release|Any CPU = Release|Any CPU
	EndGlobalSection
	GlobalSection(ProjectConfigurationPlatforms) = postSolution
		{8BCD22EA-4E28-41EF-B415-B57E7607812D}.Debug|Any CPU.ActiveCfg = Debug|Any CPU
		{8BCD22EA-4E28-41EF-B415-B57E7607812D}.Debug|Any CPU.Build.0 = Debug|Any CPU
		{8BCD22EA-4E28-41EF-B415-B57E7607812D}.Release|Any CPU.ActiveCfg = Release|Any CPU
		{8BCD22EA-4E28-41EF-B415-B57E7607812D}.Release|Any CPU.Build.0 = Release|Any CPU
	EndGlobalSection
	GlobalSection(SolutionProperties) = preSolution
		HideSolutionNode = FALSE
	EndGlobalSection
	GlobalSection(ExtensibilityGlobals) = postSolution
		SolutionGuid = {67A2AE59-01DA-4502-B943-DEE4251E9337}
	EndGlobalSection
EndGlobal
