
Microsoft Visual Studio Solution File, Format Version 12.00
# Visual Studio 15
VisualStudioVersion = 15.0.27703.2035
MinimumVisualStudioVersion = 10.0.40219.1
Project("{FAE04EC0-301F-11D3-BF4B-00C04F79EFBC}") = "5-)Donguler", "5-)Donguler\5-)Donguler.csproj", "{CAB174F4-D383-4855-91CB-314327FF21B7}"
EndProject
Global
	GlobalSection(SolutionConfigurationPlatforms) = preSolution
		Debug|Any CPU = Debug|Any CPU
		Release|Any CPU = Release|Any CPU
	EndGlobalSection
	GlobalSection(ProjectConfigurationPlatforms) = postSolution
		{CAB174F4-D383-4855-91CB-314327FF21B7}.Debug|Any CPU.ActiveCfg = Debug|Any CPU
		{CAB174F4-D383-4855-91CB-314327FF21B7}.Debug|Any CPU.Build.0 = Debug|Any CPU
		{CAB174F4-D383-4855-91CB-314327FF21B7}.Release|Any CPU.ActiveCfg = Release|Any CPU
		{CAB174F4-D383-4855-91CB-314327FF21B7}.Release|Any CPU.Build.0 = Release|Any CPU
	EndGlobalSection
	GlobalSection(SolutionProperties) = preSolution
		HideSolutionNode = FALSE
	EndGlobalSection
	GlobalSection(ExtensibilityGlobals) = postSolution
		SolutionGuid = {875D5B0D-E03A-4943-BB97-6FCA637683CD}
	EndGlobalSection
EndGlobal
