
Microsoft Visual Studio Solution File, Format Version 12.00
# Visual Studio 15
VisualStudioVersion = 15.0.27703.2035
MinimumVisualStudioVersion = 10.0.40219.1
Project("{FAE04EC0-301F-11D3-BF4B-00C04F79EFBC}") = "12-)Dialog Windows", "12-)Dialog Windows\12-)Dialog Windows.csproj", "{7D448477-1007-4BDF-8F4B-38F9AEFC0B90}"
EndProject
Global
	GlobalSection(SolutionConfigurationPlatforms) = preSolution
		Debug|Any CPU = Debug|Any CPU
		Release|Any CPU = Release|Any CPU
	EndGlobalSection
	GlobalSection(ProjectConfigurationPlatforms) = postSolution
		{7D448477-1007-4BDF-8F4B-38F9AEFC0B90}.Debug|Any CPU.ActiveCfg = Debug|Any CPU
		{7D448477-1007-4BDF-8F4B-38F9AEFC0B90}.Debug|Any CPU.Build.0 = Debug|Any CPU
		{7D448477-1007-4BDF-8F4B-38F9AEFC0B90}.Release|Any CPU.ActiveCfg = Release|Any CPU
		{7D448477-1007-4BDF-8F4B-38F9AEFC0B90}.Release|Any CPU.Build.0 = Release|Any CPU
	EndGlobalSection
	GlobalSection(SolutionProperties) = preSolution
		HideSolutionNode = FALSE
	EndGlobalSection
	GlobalSection(ExtensibilityGlobals) = postSolution
		SolutionGuid = {7F641ED0-C3F1-4012-B2A9-992C9D71A9D0}
	EndGlobalSection
EndGlobal
