
Microsoft Visual Studio Solution File, Format Version 12.00
# Visual Studio 15
VisualStudioVersion = 15.0.27703.2035
MinimumVisualStudioVersion = 10.0.40219.1
Project("{FAE04EC0-301F-11D3-BF4B-00C04F79EFBC}") = "7-)Hesap Makinesi Uygulaması", "7-)Hesap Makinesi Uygulaması\7-)Hesap Makinesi Uygulaması.csproj", "{4F64B2BE-359E-4A86-B46E-3EE2A47E4FA7}"
EndProject
Global
	GlobalSection(SolutionConfigurationPlatforms) = preSolution
		Debug|Any CPU = Debug|Any CPU
		Release|Any CPU = Release|Any CPU
	EndGlobalSection
	GlobalSection(ProjectConfigurationPlatforms) = postSolution
		{4F64B2BE-359E-4A86-B46E-3EE2A47E4FA7}.Debug|Any CPU.ActiveCfg = Debug|Any CPU
		{4F64B2BE-359E-4A86-B46E-3EE2A47E4FA7}.Debug|Any CPU.Build.0 = Debug|Any CPU
		{4F64B2BE-359E-4A86-B46E-3EE2A47E4FA7}.Release|Any CPU.ActiveCfg = Release|Any CPU
		{4F64B2BE-359E-4A86-B46E-3EE2A47E4FA7}.Release|Any CPU.Build.0 = Release|Any CPU
	EndGlobalSection
	GlobalSection(SolutionProperties) = preSolution
		HideSolutionNode = FALSE
	EndGlobalSection
	GlobalSection(ExtensibilityGlobals) = postSolution
		SolutionGuid = {B0ED1BE7-8C65-47DB-836C-28D92BCF7D75}
	EndGlobalSection
EndGlobal
