
Microsoft Visual Studio Solution File, Format Version 12.00
# Visual Studio 14
VisualStudioVersion = 14.0.24720.0
MinimumVisualStudioVersion = 10.0.40219.1
Project("{FAE04EC0-301F-11D3-BF4B-00C04F79EFBC}") = "ConsoleApplication10vampiroyunusistemi", "ConsoleApplication10vampiroyunusistemi\ConsoleApplication10vampiroyunusistemi.csproj", "{5A551F11-27EC-440B-88F5-2D3696E636E8}"
EndProject
Global
	GlobalSection(SolutionConfigurationPlatforms) = preSolution
		Debug|Any CPU = Debug|Any CPU
		Release|Any CPU = Release|Any CPU
	EndGlobalSection
	GlobalSection(ProjectConfigurationPlatforms) = postSolution
		{5A551F11-27EC-440B-88F5-2D3696E636E8}.Debug|Any CPU.ActiveCfg = Debug|Any CPU
		{5A551F11-27EC-440B-88F5-2D3696E636E8}.Debug|Any CPU.Build.0 = Debug|Any CPU
		{5A551F11-27EC-440B-88F5-2D3696E636E8}.Release|Any CPU.ActiveCfg = Release|Any CPU
		{5A551F11-27EC-440B-88F5-2D3696E636E8}.Release|Any CPU.Build.0 = Release|Any CPU
	EndGlobalSection
	GlobalSection(SolutionProperties) = preSolution
		HideSolutionNode = FALSE
	EndGlobalSection
EndGlobal
