
Microsoft Visual Studio Solution File, Format Version 12.00
# Visual Studio 15
VisualStudioVersion = 15.0.27703.2035
MinimumVisualStudioVersion = 10.0.40219.1
Project("{FAE04EC0-301F-11D3-BF4B-00C04F79EFBC}") = "16-)Runtime Controls", "16-)Runtime Controls\16-)Runtime Controls.csproj", "{6DD52B7E-260D-4D2E-9E81-D978AC4B2589}"
EndProject
Global
	GlobalSection(SolutionConfigurationPlatforms) = preSolution
		Debug|Any CPU = Debug|Any CPU
		Release|Any CPU = Release|Any CPU
	EndGlobalSection
	GlobalSection(ProjectConfigurationPlatforms) = postSolution
		{6DD52B7E-260D-4D2E-9E81-D978AC4B2589}.Debug|Any CPU.ActiveCfg = Debug|Any CPU
		{6DD52B7E-260D-4D2E-9E81-D978AC4B2589}.Debug|Any CPU.Build.0 = Debug|Any CPU
		{6DD52B7E-260D-4D2E-9E81-D978AC4B2589}.Release|Any CPU.ActiveCfg = Release|Any CPU
		{6DD52B7E-260D-4D2E-9E81-D978AC4B2589}.Release|Any CPU.Build.0 = Release|Any CPU
	EndGlobalSection
	GlobalSection(SolutionProperties) = preSolution
		HideSolutionNode = FALSE
	EndGlobalSection
	GlobalSection(ExtensibilityGlobals) = postSolution
		SolutionGuid = {9AD1C150-ED17-4C72-9A37-E20BEA6FF57E}
	EndGlobalSection
EndGlobal
