
Microsoft Visual Studio Solution File, Format Version 12.00
# Visual Studio Version 16
VisualStudioVersion = 16.0.31410.357
MinimumVisualStudioVersion = 10.0.40219.1
Project("{FAE04EC0-301F-11D3-BF4B-00C04F79EFBC}") = "Ders[10]", "Ders[10].csproj", "{E3455016-48D8-4B1F-A57B-14E4A9E4A899}"
EndProject
Global
	GlobalSection(SolutionConfigurationPlatforms) = preSolution
		Debug|Any CPU = Debug|Any CPU
		Release|Any CPU = Release|Any CPU
	EndGlobalSection
	GlobalSection(ProjectConfigurationPlatforms) = postSolution
		{E3455016-48D8-4B1F-A57B-14E4A9E4A899}.Debug|Any CPU.ActiveCfg = Debug|Any CPU
		{E3455016-48D8-4B1F-A57B-14E4A9E4A899}.Debug|Any CPU.Build.0 = Debug|Any CPU
		{E3455016-48D8-4B1F-A57B-14E4A9E4A899}.Release|Any CPU.ActiveCfg = Release|Any CPU
		{E3455016-48D8-4B1F-A57B-14E4A9E4A899}.Release|Any CPU.Build.0 = Release|Any CPU
	EndGlobalSection
	GlobalSection(SolutionProperties) = preSolution
		HideSolutionNode = FALSE
	EndGlobalSection
	GlobalSection(ExtensibilityGlobals) = postSolution
		SolutionGuid = {5B117767-D838-4A67-8448-3F1B31722BCE}
	EndGlobalSection
EndGlobal
