
Microsoft Visual Studio Solution File, Format Version 12.00
# Visual Studio 14
VisualStudioVersion = 14.0.24720.0
MinimumVisualStudioVersion = 10.0.40219.1
Project("{FAE04EC0-301F-11D3-BF4B-00C04F79EFBC}") = "WindowsFormsApplication26_hastaneotomasyon", "WindowsFormsApplication26_hastaneotomasyon\WindowsFormsApplication26_hastaneotomasyon.csproj", "{D6316B34-81AC-432B-A5A7-0A32AF57871F}"
EndProject
Global
	GlobalSection(SolutionConfigurationPlatforms) = preSolution
		Debug|Any CPU = Debug|Any CPU
		Release|Any CPU = Release|Any CPU
	EndGlobalSection
	GlobalSection(ProjectConfigurationPlatforms) = postSolution
		{D6316B34-81AC-432B-A5A7-0A32AF57871F}.Debug|Any CPU.ActiveCfg = Debug|Any CPU
		{D6316B34-81AC-432B-A5A7-0A32AF57871F}.Debug|Any CPU.Build.0 = Debug|Any CPU
		{D6316B34-81AC-432B-A5A7-0A32AF57871F}.Release|Any CPU.ActiveCfg = Release|Any CPU
		{D6316B34-81AC-432B-A5A7-0A32AF57871F}.Release|Any CPU.Build.0 = Release|Any CPU
	EndGlobalSection
	GlobalSection(SolutionProperties) = preSolution
		HideSolutionNode = FALSE
	EndGlobalSection
EndGlobal
